// !$*UTF8*$!
{
	archiveVersion = 1;
	classes = {
	};
	objectVersion = 48;
	objects = {

/* Begin PBXBuildFile section */
		8E47883F1F3E50DE008E664B /* AppDelegate.swift in Sources */ = {isa = PBXBuildFile; fileRef = 8E47883E1F3E50DE008E664B /* AppDelegate.swift */; };
		8E4788441F3E50DE008E664B /* Main.storyboard in Resources */ = {isa = PBXBuildFile; fileRef = 8E4788421F3E50DE008E664B /* Main.storyboard */; };
		8E4788461F3E50DE008E664B /* Assets.xcassets in Resources */ = {isa = PBXBuildFile; fileRef = 8E4788451F3E50DE008E664B /* Assets.xcassets */; };
		8E4788491F3E50DE008E664B /* LaunchScreen.storyboard in Resources */ = {isa = PBXBuildFile; fileRef = 8E4788471F3E50DE008E664B /* LaunchScreen.storyboard */; };
		8E4788541F3E50DE008E664B /* MyContactsTests.swift in Sources */ = {isa = PBXBuildFile; fileRef = 8E4788531F3E50DE008E664B /* MyContactsTests.swift */; };
		8E47885F1F3E50DE008E664B /* MyContactsUITests.swift in Sources */ = {isa = PBXBuildFile; fileRef = 8E47885E1F3E50DE008E664B /* MyContactsUITests.swift */; };
		8E47886F1F3E628D008E664B /* DetailViewController.swift in Sources */ = {isa = PBXBuildFile; fileRef = 8E47886E1F3E628D008E664B /* DetailViewController.swift */; };
		8E4788711F3E62E9008E664B /* ContactsTableViewController.swift in Sources */ = {isa = PBXBuildFile; fileRef = 8E4788701F3E62E9008E664B /* ContactsTableViewController.swift */; };
		8E4788751F40D6D5008E664B /* ContactsDataModel.swift in Sources */ = {isa = PBXBuildFile; fileRef = 8E4788741F40D6D5008E664B /* ContactsDataModel.swift */; };
		8E4788771F411E47008E664B /* ContactTableViewCell.swift in Sources */ = {isa = PBXBuildFile; fileRef = 8E4788761F411E47008E664B /* ContactTableViewCell.swift */; };
		8E4788791F423253008E664B /* DetailTableViewCell.swift in Sources */ = {isa = PBXBuildFile; fileRef = 8E4788781F423253008E664B /* DetailTableViewCell.swift */; };
/* End PBXBuildFile section */

/* Begin PBXContainerItemProxy section */
		8E4788501F3E50DE008E664B /* PBXContainerItemProxy */ = {
			isa = PBXContainerItemProxy;
			containerPortal = 8E4788331F3E50DE008E664B /* Project object */;
			proxyType = 1;
			remoteGlobalIDString = 8E47883A1F3E50DE008E664B;
			remoteInfo = MyContacts;
		};
		8E47885B1F3E50DE008E664B /* PBXContainerItemProxy */ = {
			isa = PBXContainerItemProxy;
			containerPortal = 8E4788331F3E50DE008E664B /* Project object */;
			proxyType = 1;
			remoteGlobalIDString = 8E47883A1F3E50DE008E664B;
			remoteInfo = MyContacts;
		};
/* End PBXContainerItemProxy section */

/* Begin PBXFileReference section */
		8E47883B1F3E50DE008E664B /* MyContacts.app */ = {isa = PBXFileReference; explicitFileType = wrapper.application; includeInIndex = 0; path = MyContacts.app; sourceTree = BUILT_PRODUCTS_DIR; };
		8E47883E1F3E50DE008E664B /* AppDelegate.swift */ = {isa = PBXFileReference; lastKnownFileType = sourcecode.swift; path = AppDelegate.swift; sourceTree = "<group>"; };
		8E4788431F3E50DE008E664B /* Base */ = {isa = PBXFileReference; lastKnownFileType = file.storyboard; name = Base; path = Base.lproj/Main.storyboard; sourceTree = "<group>"; };
		8E4788451F3E50DE008E664B /* Assets.xcassets */ = {isa = PBXFileReference; lastKnownFileType = folder.assetcatalog; path = Assets.xcassets; sourceTree = "<group>"; };
		8E4788481F3E50DE008E664B /* Base */ = {isa = PBXFileReference; lastKnownFileType = file.storyboard; name = Base; path = Base.lproj/LaunchScreen.storyboard; sourceTree = "<group>"; };
		8E47884A1F3E50DE008E664B /* Info.plist */ = {isa = PBXFileReference; lastKnownFileType = text.plist.xml; path = Info.plist; sourceTree = "<group>"; };
		8E47884F1F3E50DE008E664B /* MyContactsTests.xctest */ = {isa = PBXFileReference; explicitFileType = wrapper.cfbundle; includeInIndex = 0; path = MyContactsTests.xctest; sourceTree = BUILT_PRODUCTS_DIR; };
		8E4788531F3E50DE008E664B /* MyContactsTests.swift */ = {isa = PBXFileReference; lastKnownFileType = sourcecode.swift; path = MyContactsTests.swift; sourceTree = "<group>"; };
		8E4788551F3E50DE008E664B /* Info.plist */ = {isa = PBXFileReference; lastKnownFileType = text.plist.xml; path = Info.plist; sourceTree = "<group>"; };
		8E47885A1F3E50DE008E664B /* MyContactsUITests.xctest */ = {isa = PBXFileReference; explicitFileType = wrapper.cfbundle; includeInIndex = 0; path = MyContactsUITests.xctest; sourceTree = BUILT_PRODUCTS_DIR; };
		8E47885E1F3E50DE008E664B /* MyContactsUITests.swift */ = {isa = PBXFileReference; lastKnownFileType = sourcecode.swift; path = MyContactsUITests.swift; sourceTree = "<group>"; };
		8E4788601F3E50DE008E664B /* Info.plist */ = {isa = PBXFileReference; lastKnownFileType = text.plist.xml; path = Info.plist; sourceTree = "<group>"; };
		8E47886E1F3E628D008E664B /* DetailViewController.swift */ = {isa = PBXFileReference; lastKnownFileType = sourcecode.swift; path = DetailViewController.swift; sourceTree = "<group>"; };
		8E4788701F3E62E9008E664B /* ContactsTableViewController.swift */ = {isa = PBXFileReference; lastKnownFileType = sourcecode.swift; path = ContactsTableViewController.swift; sourceTree = "<group>"; };
		8E4788741F40D6D5008E664B /* ContactsDataModel.swift */ = {isa = PBXFileReference; lastKnownFileType = sourcecode.swift; path = ContactsDataModel.swift; sourceTree = "<group>"; };
		8E4788761F411E47008E664B /* ContactTableViewCell.swift */ = {isa = PBXFileReference; lastKnownFileType = sourcecode.swift; path = ContactTableViewCell.swift; sourceTree = "<group>"; };
		8E4788781F423253008E664B /* DetailTableViewCell.swift */ = {isa = PBXFileReference; lastKnownFileType = sourcecode.swift; path = DetailTableViewCell.swift; sourceTree = "<group>"; };
/* End PBXFileReference section */

/* Begin PBXFrameworksBuildPhase section */
		8E4788381F3E50DE008E664B /* Frameworks */ = {
			isa = PBXFrameworksBuildPhase;
			buildActionMask = 2147483647;
			files = (
			);
			runOnlyForDeploymentPostprocessing = 0;
		};
		8E47884C1F3E50DE008E664B /* Frameworks */ = {
			isa = PBXFrameworksBuildPhase;
			buildActionMask = 2147483647;
			files = (
			);
			runOnlyForDeploymentPostprocessing = 0;
		};
		8E4788571F3E50DE008E664B /* Frameworks */ = {
			isa = PBXFrameworksBuildPhase;
			buildActionMask = 2147483647;
			files = (
			);
			runOnlyForDeploymentPostprocessing = 0;
		};
/* End PBXFrameworksBuildPhase section */

/* Begin PBXGroup section */
		8E4788321F3E50DE008E664B = {
			isa = PBXGroup;
			children = (
				8E47883D1F3E50DE008E664B /* MyContacts */,
				8E4788521F3E50DE008E664B /* MyContactsTests */,
				8E47885D1F3E50DE008E664B /* MyContactsUITests */,
				8E47883C1F3E50DE008E664B /* Products */,
			);
			sourceTree = "<group>";
		};
		8E47883C1F3E50DE008E664B /* Products */ = {
			isa = PBXGroup;
			children = (
				8E47883B1F3E50DE008E664B /* MyContacts.app */,
				8E47884F1F3E50DE008E664B /* MyContactsTests.xctest */,
				8E47885A1F3E50DE008E664B /* MyContactsUITests.xctest */,
			);
			name = Products;
			sourceTree = "<group>";
		};
		8E47883D1F3E50DE008E664B /* MyContacts */ = {
			isa = PBXGroup;
			children = (
				8E4788701F3E62E9008E664B /* ContactsTableViewController.swift */,
				8E4788761F411E47008E664B /* ContactTableViewCell.swift */,
				8E4788741F40D6D5008E664B /* ContactsDataModel.swift */,
				8E47886E1F3E628D008E664B /* DetailViewController.swift */,
				8E4788781F423253008E664B /* DetailTableViewCell.swift */,
				8E47883E1F3E50DE008E664B /* AppDelegate.swift */,
				8E4788421F3E50DE008E664B /* Main.storyboard */,
				8E4788471F3E50DE008E664B /* LaunchScreen.storyboard */,
				8E4788451F3E50DE008E664B /* Assets.xcassets */,
				8E47884A1F3E50DE008E664B /* Info.plist */,
			);
			path = MyContacts;
			sourceTree = "<group>";
		};
		8E4788521F3E50DE008E664B /* MyContactsTests */ = {
			isa = PBXGroup;
			children = (
				8E4788531F3E50DE008E664B /* MyContactsTests.swift */,
				8E4788551F3E50DE008E664B /* Info.plist */,
			);
			path = MyContactsTests;
			sourceTree = "<group>";
		};
		8E47885D1F3E50DE008E664B /* MyContactsUITests */ = {
			isa = PBXGroup;
			children = (
				8E47885E1F3E50DE008E664B /* MyContactsUITests.swift */,
				8E4788601F3E50DE008E664B /* Info.plist */,
			);
			path = MyContactsUITests;
			sourceTree = "<group>";
		};
/* End PBXGroup section */

/* Begin PBXNativeTarget section */
		8E47883A1F3E50DE008E664B /* MyContacts */ = {
			isa = PBXNativeTarget;
			buildConfigurationList = 8E4788631F3E50DE008E664B /* Build configuration list for PBXNativeTarget "MyContacts" */;
			buildPhases = (
				8E4788371F3E50DE008E664B /* Sources */,
				8E4788381F3E50DE008E664B /* Frameworks */,
				8E4788391F3E50DE008E664B /* Resources */,
			);
			buildRules = (
			);
			dependencies = (
			);
			name = MyContacts;
			productName = MyContacts;
			productReference = 8E47883B1F3E50DE008E664B /* MyContacts.app */;
			productType = "com.apple.product-type.application";
		};
		8E47884E1F3E50DE008E664B /* MyContactsTests */ = {
			isa = PBXNativeTarget;
			buildConfigurationList = 8E4788661F3E50DE008E664B /* Build configuration list for PBXNativeTarget "MyContactsTests" */;
			buildPhases = (
				8E47884B1F3E50DE008E664B /* Sources */,
				8E47884C1F3E50DE008E664B /* Frameworks */,
				8E47884D1F3E50DE008E664B /* Resources */,
			);
			buildRules = (
			);
			dependencies = (
				8E4788511F3E50DE008E664B /* PBXTargetDependency */,
			);
			name = MyContactsTests;
			productName = MyContactsTests;
			productReference = 8E47884F1F3E50DE008E664B /* MyContactsTests.xctest */;
			productType = "com.apple.product-type.bundle.unit-test";
		};
		8E4788591F3E50DE008E664B /* MyContactsUITests */ = {
			isa = PBXNativeTarget;
			buildConfigurationList = 8E4788691F3E50DE008E664B /* Build configuration list for PBXNativeTarget "MyContactsUITests" */;
			buildPhases = (
				8E4788561F3E50DE008E664B /* Sources */,
				8E4788571F3E50DE008E664B /* Frameworks */,
				8E4788581F3E50DE008E664B /* Resources */,
			);
			buildRules = (
			);
			dependencies = (
				8E47885C1F3E50DE008E664B /* PBXTargetDependency */,
			);
			name = MyContactsUITests;
			productName = MyContactsUITests;
			productReference = 8E47885A1F3E50DE008E664B /* MyContactsUITests.xctest */;
			productType = "com.apple.product-type.bundle.ui-testing";
		};
/* End PBXNativeTarget section */

/* Begin PBXProject section */
		8E4788331F3E50DE008E664B /* Project object */ = {
			isa = PBXProject;
			attributes = {
				LastSwiftUpdateCheck = 0900;
				LastUpgradeCheck = 0900;
				ORGANIZATIONNAME = "Dawood Khan";
				TargetAttributes = {
					8E47883A1F3E50DE008E664B = {
						CreatedOnToolsVersion = 9.0;
					};
					8E47884E1F3E50DE008E664B = {
						CreatedOnToolsVersion = 9.0;
						TestTargetID = 8E47883A1F3E50DE008E664B;
					};
					8E4788591F3E50DE008E664B = {
						CreatedOnToolsVersion = 9.0;
						TestTargetID = 8E47883A1F3E50DE008E664B;
					};
				};
			};
			buildConfigurationList = 8E4788361F3E50DE008E664B /* Build configuration list for PBXProject "MyContacts" */;
			compatibilityVersion = "Xcode 8.0";
			developmentRegion = en;
			hasScannedForEncodings = 0;
			knownRegions = (
				en,
				Base,
			);
			mainGroup = 8E4788321F3E50DE008E664B;
			productRefGroup = 8E47883C1F3E50DE008E664B /* Products */;
			projectDirPath = "";
			projectRoot = "";
			targets = (
				8E47883A1F3E50DE008E664B /* MyContacts */,
				8E47884E1F3E50DE008E664B /* MyContactsTests */,
				8E4788591F3E50DE008E664B /* MyContactsUITests */,
			);
		};
/* End PBXProject section */

/* Begin PBXResourcesBuildPhase section */
		8E4788391F3E50DE008E664B /* Resources */ = {
			isa = PBXResourcesBuildPhase;
			buildActionMask = 2147483647;
			files = (
				8E4788491F3E50DE008E664B /* LaunchScreen.storyboard in Resources */,
				8E4788461F3E50DE008E664B /* Assets.xcassets in Resources */,
				8E4788441F3E50DE008E664B /* Main.storyboard in Resources */,
			);
			runOnlyForDeploymentPostprocessing = 0;
		};
		8E47884D1F3E50DE008E664B /* Resources */ = {
			isa = PBXResourcesBuildPhase;
			buildActionMask = 2147483647;
			files = (
			);
			runOnlyForDeploymentPostprocessing = 0;
		};
		8E4788581F3E50DE008E664B /* Resources */ = {
			isa = PBXResourcesBuildPhase;
			buildActionMask = 2147483647;
			files = (
			);
			runOnlyForDeploymentPostprocessing = 0;
		};
/* End PBXResourcesBuildPhase section */

/* Begin PBXSourcesBuildPhase section */
		8E4788371F3E50DE008E664B /* Sources */ = {
			isa = PBXSourcesBuildPhase;
			buildActionMask = 2147483647;
			files = (
				8E4788791F423253008E664B /* DetailTableViewCell.swift in Sources */,
				8E4788751F40D6D5008E664B /* ContactsDataModel.swift in Sources */,
				8E4788771F411E47008E664B /* ContactTableViewCell.swift in Sources */,
				8E47886F1F3E628D008E664B /* DetailViewController.swift in Sources */,
				8E47883F1F3E50DE008E664B /* AppDelegate.swift in Sources */,
				8E4788711F3E62E9008E664B /* ContactsTableViewController.swift in Sources */,
			);
			runOnlyForDeploymentPostprocessing = 0;
		};
		8E47884B1F3E50DE008E664B /* Sources */ = {
			isa = PBXSourcesBuildPhase;
			buildActionMask = 2147483647;
			files = (
				8E4788541F3E50DE008E664B /* MyContactsTests.swift in Sources */,
			);
			runOnlyForDeploymentPostprocessing = 0;
		};
		8E4788561F3E50DE008E664B /* Sources */ = {
			isa = PBXSourcesBuildPhase;
			buildActionMask = 2147483647;
			files = (
				8E47885F1F3E50DE008E664B /* MyContactsUITests.swift in Sources */,
			);
			runOnlyForDeploymentPostprocessing = 0;
		};
/* End PBXSourcesBuildPhase section */

/* Begin PBXTargetDependency section */
		8E4788511F3E50DE008E664B /* PBXTargetDependency */ = {
			isa = PBXTargetDependency;
			target = 8E47883A1F3E50DE008E664B /* MyContacts */;
			targetProxy = 8E4788501F3E50DE008E664B /* PBXContainerItemProxy */;
		};
		8E47885C1F3E50DE008E664B /* PBXTargetDependency */ = {
			isa = PBXTargetDependency;
			target = 8E47883A1F3E50DE008E664B /* MyContacts */;
			targetProxy = 8E47885B1F3E50DE008E664B /* PBXContainerItemProxy */;
		};
/* End PBXTargetDependency section */

/* Begin PBXVariantGroup section */
		8E4788421F3E50DE008E664B /* Main.storyboard */ = {
			isa = PBXVariantGroup;
			children = (
				8E4788431F3E50DE008E664B /* Base */,
			);
			name = Main.storyboard;
			sourceTree = "<group>";
		};
		8E4788471F3E50DE008E664B /* LaunchScreen.storyboard */ = {
			isa = PBXVariantGroup;
			children = (
				8E4788481F3E50DE008E664B /* Base */,
			);
			name = LaunchScreen.storyboard;
			sourceTree = "<group>";
		};
/* End PBXVariantGroup section */

/* Begin XCBuildConfiguration section */
		8E4788611F3E50DE008E664B /* Debug */ = {
			isa = XCBuildConfiguration;
			buildSettings = {
				ALWAYS_SEARCH_USER_PATHS = NO;
				CLANG_ANALYZER_NONNULL = YES;
				CLANG_ANALYZER_NUMBER_OBJECT_CONVERSION = YES_AGGRESSIVE;
				CLANG_CXX_LANGUAGE_STANDARD = "gnu++14";
				CLANG_CXX_LIBRARY = "libc++";
				CLANG_ENABLE_MODULES = YES;
				CLANG_ENABLE_OBJC_ARC = YES;
				CLANG_WARN_BLOCK_CAPTURE_AUTORELEASING = YES;
				CLANG_WARN_BOOL_CONVERSION = YES;
				CLANG_WARN_COMMA = YES;
				CLANG_WARN_CONSTANT_CONVERSION = YES;
				CLANG_WARN_DIRECT_OBJC_ISA_USAGE = YES_ERROR;
				CLANG_WARN_DOCUMENTATION_COMMENTS = YES;
				CLANG_WARN_EMPTY_BODY = YES;
				CLANG_WARN_ENUM_CONVERSION = YES;
				CLANG_WARN_INFINITE_RECURSION = YES;
				CLANG_WARN_INT_CONVERSION = YES;
				CLANG_WARN_NON_LITERAL_NULL_CONVERSION = YES;
				CLANG_WARN_OBJC_LITERAL_CONVERSION = YES;
				CLANG_WARN_OBJC_ROOT_CLASS = YES_ERROR;
				CLANG_WARN_RANGE_LOOP_ANALYSIS = YES;
				CLANG_WARN_STRICT_PROTOTYPES = YES;
				CLANG_WARN_SUSPICIOUS_MOVE = YES;
				CLANG_WARN_UNGUARDED_AVAILABILITY = YES_AGGRESSIVE;
				CLANG_WARN_UNREACHABLE_CODE = YES;
				CLANG_WARN__DUPLICATE_METHOD_MATCH = YES;
				CODE_SIGN_IDENTITY = "iPhone Developer";
				COPY_PHASE_STRIP = NO;
				DEBUG_INFORMATION_FORMAT = dwarf;
				ENABLE_STRICT_OBJC_MSGSEND = YES;
				ENABLE_TESTABILITY = YES;
				GCC_C_LANGUAGE_STANDARD = gnu11;
				GCC_DYNAMIC_NO_PIC = NO;
				GCC_NO_COMMON_BLOCKS = YES;
				GCC_OPTIMIZATION_LEVEL = 0;
				GCC_PREPROCESSOR_DEFINITIONS = (
					"DEBUG=1",
					"$(inherited)",
				);
				GCC_WARN_64_TO_32_BIT_CONVERSION = YES;
				GCC_WARN_ABOUT_RETURN_TYPE = YES_ERROR;
				GCC_WARN_UNDECLARED_SELECTOR = YES;
				GCC_WARN_UNINITIALIZED_AUTOS = YES_AGGRESSIVE;
				GCC_WARN_UNUSED_FUNCTION = YES;
				GCC_WARN_UNUSED_VARIABLE = YES;
				IPHONEOS_DEPLOYMENT_TARGET = 11.0;
				MTL_ENABLE_DEBUG_INFO = YES;
				ONLY_ACTIVE_ARCH = YES;
				SDKROOT = iphoneos;
				SWIFT_ACTIVE_COMPILATION_CONDITIONS = DEBUG;
				SWIFT_OPTIMIZATION_LEVEL = "-Onone";
			};
			name = Debug;
		};
		8E4788621F3E50DE008E664B /* Release */ = {
			isa = XCBuildConfiguration;
			buildSettings = {
				ALWAYS_SEARCH_USER_PATHS = NO;
				CLANG_ANALYZER_NONNULL = YES;
				CLANG_ANALYZER_NUMBER_OBJECT_CONVERSION = YES_AGGRESSIVE;
				CLANG_CXX_LANGUAGE_STANDARD = "gnu++14";
				CLANG_CXX_LIBRARY = "libc++";
				CLANG_ENABLE_MODULES = YES;
				CLANG_ENABLE_OBJC_ARC = YES;
				CLANG_WARN_BLOCK_CAPTURE_AUTORELEASING = YES;
				CLANG_WARN_BOOL_CONVERSION = YES;
				CLANG_WARN_COMMA = YES;
				CLANG_WARN_CONSTANT_CONVERSION = YES;
				CLANG_WARN_DIRECT_OBJC_ISA_USAGE = YES_ERROR;
				CLANG_WARN_DOCUMENTATION_COMMENTS = YES;
				CLANG_WARN_EMPTY_BODY = YES;
				CLANG_WARN_ENUM_CONVERSION = YES;
				CLANG_WARN_INFINITE_RECURSION = YES;
				CLANG_WARN_INT_CONVERSION = YES;
				CLANG_WARN_NON_LITERAL_NULL_CONVERSION = YES;
				CLANG_WARN_OBJC_LITERAL_CONVERSION = YES;
				CLANG_WARN_OBJC_ROOT_CLASS = YES_ERROR;
				CLANG_WARN_RANGE_LOOP_ANALYSIS = YES;
				CLANG_WARN_STRICT_PROTOTYPES = YES;
				CLANG_WARN_SUSPICIOUS_MOVE = YES;
				CLANG_WARN_UNGUARDED_AVAILABILITY = YES_AGGRESSIVE;
				CLANG_WARN_UNREACHABLE_CODE = YES;
				CLANG_WARN__DUPLICATE_METHOD_MATCH = YES;
				CODE_SIGN_IDENTITY = "iPhone Developer";
				COPY_PHASE_STRIP = NO;
				DEBUG_INFORMATION_FORMAT = "dwarf-with-dsym";
				ENABLE_NS_ASSERTIONS = NO;
				ENABLE_STRICT_OBJC_MSGSEND = YES;
				GCC_C_LANGUAGE_STANDARD = gnu11;
				GCC_NO_COMMON_BLOCKS = YES;
				GCC_WARN_64_TO_32_BIT_CONVERSION = YES;
				GCC_WARN_ABOUT_RETURN_TYPE = YES_ERROR;
				GCC_WARN_UNDECLARED_SELECTOR = YES;
				GCC_WARN_UNINITIALIZED_AUTOS = YES_AGGRESSIVE;
				GCC_WARN_UNUSED_FUNCTION = YES;
				GCC_WARN_UNUSED_VARIABLE = YES;
				IPHONEOS_DEPLOYMENT_TARGET = 11.0;
				MTL_ENABLE_DEBUG_INFO = NO;
				SDKROOT = iphoneos;
				SWIFT_OPTIMIZATION_LEVEL = "-Owholemodule";
				VALIDATE_PRODUCT = YES;
			};
			name = Release;
		};
		8E4788641F3E50DE008E664B /* Debug */ = {
			isa = XCBuildConfiguration;
			buildSettings = {
				ASSETCATALOG_COMPILER_APPICON_NAME = AppIcon;
				DEVELOPMENT_TEAM = RHW8FBGSTX;
				INFOPLIST_FILE = MyContacts/Info.plist;
				LD_RUNPATH_SEARCH_PATHS = "$(inherited) @executable_path/Frameworks";
				PRODUCT_BUNDLE_IDENTIFIER = com.dawoodk.MyContacts;
				PRODUCT_NAME = "$(TARGET_NAME)";
				SWIFT_VERSION = 4.0;
				TARGETED_DEVICE_FAMILY = "1,2";
			};
			name = Debug;
		};
		8E4788651F3E50DE008E664B /* Release */ = {
			isa = XCBuildConfiguration;
			buildSettings = {
				ASSETCATALOG_COMPILER_APPICON_NAME = AppIcon;
				DEVELOPMENT_TEAM = RHW8FBGSTX;
				INFOPLIST_FILE = MyContacts/Info.plist;
				LD_RUNPATH_SEARCH_PATHS = "$(inherited) @executable_path/Frameworks";
				PRODUCT_BUNDLE_IDENTIFIER = com.dawoodk.MyContacts;
				PRODUCT_NAME = "$(TARGET_NAME)";
				SWIFT_VERSION = 4.0;
				TARGETED_DEVICE_FAMILY = "1,2";
			};
			name = Release;
		};
		8E4788671F3E50DE008E664B /* Debug */ = {
			isa = XCBuildConfiguration;
			buildSettings = {
				ALWAYS_EMBED_SWIFT_STANDARD_LIBRARIES = YES;
				BUNDLE_LOADER = "$(TEST_HOST)";
				INFOPLIST_FILE = MyContactsTests/Info.plist;
				LD_RUNPATH_SEARCH_PATHS = "$(inherited) @executable_path/Frameworks @loader_path/Frameworks";
				PRODUCT_BUNDLE_IDENTIFIER = com.dawoodk.MyContactsTests;
				PRODUCT_NAME = "$(TARGET_NAME)";
				SWIFT_VERSION = 4.0;
				TARGETED_DEVICE_FAMILY = "1,2";
				TEST_HOST = "$(BUILT_PRODUCTS_DIR)/MyContacts.app/MyContacts";
			};
			name = Debug;
		};
		8E4788681F3E50DE008E664B /* Release */ = {
			isa = XCBuildConfiguration;
			buildSettings = {
				ALWAYS_EMBED_SWIFT_STANDARD_LIBRARIES = YES;
				BUNDLE_LOADER = "$(TEST_HOST)";
				INFOPLIST_FILE = MyContactsTests/Info.plist;
				LD_RUNPATH_SEARCH_PATHS = "$(inherited) @executable_path/Frameworks @loader_path/Frameworks";
				PRODUCT_BUNDLE_IDENTIFIER = com.dawoodk.MyContactsTests;
				PRODUCT_NAME = "$(TARGET_NAME)";
				SWIFT_VERSION = 4.0;
				TARGETED_DEVICE_FAMILY = "1,2";
				TEST_HOST = "$(BUILT_PRODUCTS_DIR)/MyContacts.app/MyContacts";
			};
			name = Release;
		};
		8E47886A1F3E50DE008E664B /* Debug */ = {
			isa = XCBuildConfiguration;
			buildSettings = {
				ALWAYS_EMBED_SWIFT_STANDARD_LIBRARIES = YES;
				INFOPLIST_FILE = MyContactsUITests/Info.plist;
				LD_RUNPATH_SEARCH_PATHS = "$(inherited) @executable_path/Frameworks @loader_path/Frameworks";
				PRODUCT_BUNDLE_IDENTIFIER = com.dawoodk.MyContactsUITests;
				PRODUCT_NAME = "$(TARGET_NAME)";
				SWIFT_VERSION = 4.0;
				TARGETED_DEVICE_FAMILY = "1,2";
				TEST_TARGET_NAME = MyContacts;
			};
			name = Debug;
		};
		8E47886B1F3E50DE008E664B /* Release */ = {
			isa = XCBuildConfiguration;
			buildSettings = {
				ALWAYS_EMBED_SWIFT_STANDARD_LIBRARIES = YES;
				INFOPLIST_FILE = MyContactsUITests/Info.plist;
				LD_RUNPATH_SEARCH_PATHS = "$(inherited) @executable_path/Frameworks @loader_path/Frameworks";
				PRODUCT_BUNDLE_IDENTIFIER = com.dawoodk.MyContactsUITests;
				PRODUCT_NAME = "$(TARGET_NAME)";
				SWIFT_VERSION = 4.0;
				TARGETED_DEVICE_FAMILY = "1,2";
				TEST_TARGET_NAME = MyContacts;
			};
			name = Release;
		};
/* End XCBuildConfiguration section */

/* Begin XCConfigurationList section */
		8E4788361F3E50DE008E664B /* Build configuration list for PBXProject "MyContacts" */ = {
			isa = XCConfigurationList;
			buildConfigurations = (
				8E4788611F3E50DE008E664B /* Debug */,
				8E4788621F3E50DE008E664B /* Release */,
			);
			defaultConfigurationIsVisible = 0;
			defaultConfigurationName = Release;
		};
		8E4788631F3E50DE008E664B /* Build configuration list for PBXNativeTarget "MyContacts" */ = {
			isa = XCConfigurationList;
			buildConfigurations = (
				8E4788641F3E50DE008E664B /* Debug */,
				8E4788651F3E50DE008E664B /* Release */,
			);
			defaultConfigurationIsVisible = 0;
			defaultConfigurationName = Release;
		};
		8E4788661F3E50DE008E664B /* Build configuration list for PBXNativeTarget "MyContactsTests" */ = {
			isa = XCConfigurationList;
			buildConfigurations = (
				8E4788671F3E50DE008E664B /* Debug */,
				8E4788681F3E50DE008E664B /* Release */,
			);
			defaultConfigurationIsVisible = 0;
			defaultConfigurationName = Release;
		};
		8E4788691F3E50DE008E664B /* Build configuration list for PBXNativeTarget "MyContactsUITests" */ = {
			isa = XCConfigurationList;
			buildConfigurations = (
				8E47886A1F3E50DE008E664B /* Debug */,
				8E47886B1F3E50DE008E664B /* Release */,
			);
			defaultConfigurationIsVisible = 0;
			defaultConfigurationName = Release;
		};
/* End XCConfigurationList section */
	};
	rootObject = 8E4788331F3E50DE008E664B /* Project object */;
}
